
Microsoft Visual Studio Solution File, Format Version 12.00
# Visual Studio Version 17
VisualStudioVersion = 17.13.35806.99 d17.13
MinimumVisualStudioVersion = 10.0.40219.1
Project("{FAE04EC0-301F-11D3-BF4B-00C04F79EFBC}") = "LTW_Nhóm8386_Friendly URL", "LTW_Nhóm8386_Friendly URL\LTW_Nhóm8386_Friendly URL.csproj", "{EB77A702-800E-4F35-981D-B7CA2D318F9A}"
EndProject
Global
	GlobalSection(SolutionConfigurationPlatforms) = preSolution
		Debug|Any CPU = Debug|Any CPU
		Release|Any CPU = Release|Any CPU
	EndGlobalSection
	GlobalSection(ProjectConfigurationPlatforms) = postSolution
		{EB77A702-800E-4F35-981D-B7CA2D318F9A}.Debug|Any CPU.ActiveCfg = Debug|Any CPU
		{EB77A702-800E-4F35-981D-B7CA2D318F9A}.Debug|Any CPU.Build.0 = Debug|Any CPU
		{EB77A702-800E-4F35-981D-B7CA2D318F9A}.Release|Any CPU.ActiveCfg = Release|Any CPU
		{EB77A702-800E-4F35-981D-B7CA2D318F9A}.Release|Any CPU.Build.0 = Release|Any CPU
	EndGlobalSection
	GlobalSection(SolutionProperties) = preSolution
		HideSolutionNode = FALSE
	EndGlobalSection
	GlobalSection(ExtensibilityGlobals) = postSolution
		SolutionGuid = {C5E5653C-10C9-4612-BD09-162EF295D589}
	EndGlobalSection
EndGlobal
